
Microsoft Visual Studio Solution File, Format Version 12.00
# Visual Studio Version 16
VisualStudioVersion = 16.0.31911.196
MinimumVisualStudioVersion = 10.0.40219.1
Project("{8BC9CEB8-8B4A-11D0-8D11-00A0C91BC942}") = "Sender", "Sender\Sender.vcxproj", "{3C38BC7C-A7DA-475A-9199-F5ADA7C206E0}"
EndProject
Project("{8BC9CEB8-8B4A-11D0-8D11-00A0C91BC942}") = "Receiver", "Receiver\Receiver.vcxproj", "{DB5C757B-C947-4CA0-B67A-9B1761BC3B25}"
EndProject
Project("{8BC9CEB8-8B4A-11D0-8D11-00A0C91BC942}") = "Channel", "Channel\Channel.vcxproj", "{77FBD389-3043-45D5-98D0-8A91E917CDC8}"
EndProject
Project("{8BC9CEB8-8B4A-11D0-8D11-00A0C91BC942}") = "Common", "Common\Common.vcxproj", "{DEAF83F3-6A66-4A32-BFB9-58C142A33108}"
EndProject
Global
	GlobalSection(SolutionConfigurationPlatforms) = preSolution
		Debug|x64 = Debug|x64
		Debug|x86 = Debug|x86
		Release|x64 = Release|x64
		Release|x86 = Release|x86
	EndGlobalSection
	GlobalSection(ProjectConfigurationPlatforms) = postSolution
		{3C38BC7C-A7DA-475A-9199-F5ADA7C206E0}.Debug|x64.ActiveCfg = Debug|x64
		{3C38BC7C-A7DA-475A-9199-F5ADA7C206E0}.Debug|x64.Build.0 = Debug|x64
		{3C38BC7C-A7DA-475A-9199-F5ADA7C206E0}.Debug|x86.ActiveCfg = Debug|Win32
		{3C38BC7C-A7DA-475A-9199-F5ADA7C206E0}.Debug|x86.Build.0 = Debug|Win32
		{3C38BC7C-A7DA-475A-9199-F5ADA7C206E0}.Release|x64.ActiveCfg = Release|x64
		{3C38BC7C-A7DA-475A-9199-F5ADA7C206E0}.Release|x64.Build.0 = Release|x64
		{3C38BC7C-A7DA-475A-9199-F5ADA7C206E0}.Release|x86.ActiveCfg = Release|Win32
		{3C38BC7C-A7DA-475A-9199-F5ADA7C206E0}.Release|x86.Build.0 = Release|Win32
		{DB5C757B-C947-4CA0-B67A-9B1761BC3B25}.Debug|x64.ActiveCfg = Debug|x64
		{DB5C757B-C947-4CA0-B67A-9B1761BC3B25}.Debug|x64.Build.0 = Debug|x64
		{DB5C757B-C947-4CA0-B67A-9B1761BC3B25}.Debug|x86.ActiveCfg = Debug|Win32
		{DB5C757B-C947-4CA0-B67A-9B1761BC3B25}.Debug|x86.Build.0 = Debug|Win32
		{DB5C757B-C947-4CA0-B67A-9B1761BC3B25}.Release|x64.ActiveCfg = Release|x64
		{DB5C757B-C947-4CA0-B67A-9B1761BC3B25}.Release|x64.Build.0 = Release|x64
		{DB5C757B-C947-4CA0-B67A-9B1761BC3B25}.Release|x86.ActiveCfg = Release|Win32
		{DB5C757B-C947-4CA0-B67A-9B1761BC3B25}.Release|x86.Build.0 = Release|Win32
		{77FBD389-3043-45D5-98D0-8A91E917CDC8}.Debug|x64.ActiveCfg = Debug|x64
		{77FBD389-3043-45D5-98D0-8A91E917CDC8}.Debug|x64.Build.0 = Debug|x64
		{77FBD389-3043-45D5-98D0-8A91E917CDC8}.Debug|x86.ActiveCfg = Debug|Win32
		{77FBD389-3043-45D5-98D0-8A91E917CDC8}.Debug|x86.Build.0 = Debug|Win32
		{77FBD389-3043-45D5-98D0-8A91E917CDC8}.Release|x64.ActiveCfg = Release|x64
		{77FBD389-3043-45D5-98D0-8A91E917CDC8}.Release|x64.Build.0 = Release|x64
		{77FBD389-3043-45D5-98D0-8A91E917CDC8}.Release|x86.ActiveCfg = Release|Win32
		{77FBD389-3043-45D5-98D0-8A91E917CDC8}.Release|x86.Build.0 = Release|Win32
		{DEAF83F3-6A66-4A32-BFB9-58C142A33108}.Debug|x64.ActiveCfg = Debug|x64
		{DEAF83F3-6A66-4A32-BFB9-58C142A33108}.Debug|x64.Build.0 = Debug|x64
		{DEAF83F3-6A66-4A32-BFB9-58C142A33108}.Debug|x86.ActiveCfg = Debug|Win32
		{DEAF83F3-6A66-4A32-BFB9-58C142A33108}.Debug|x86.Build.0 = Debug|Win32
		{DEAF83F3-6A66-4A32-BFB9-58C142A33108}.Release|x64.ActiveCfg = Release|x64
		{DEAF83F3-6A66-4A32-BFB9-58C142A33108}.Release|x64.Build.0 = Release|x64
		{DEAF83F3-6A66-4A32-BFB9-58C142A33108}.Release|x86.ActiveCfg = Release|Win32
		{DEAF83F3-6A66-4A32-BFB9-58C142A33108}.Release|x86.Build.0 = Release|Win32
	EndGlobalSection
	GlobalSection(SolutionProperties) = preSolution
		HideSolutionNode = FALSE
	EndGlobalSection
	GlobalSection(ExtensibilityGlobals) = postSolution
		SolutionGuid = {3FC02A55-B237-48B1-A166-94252D1961E6}
	EndGlobalSection
EndGlobal
